
Microsoft Visual Studio Solution File, Format Version 12.00
# Visual Studio Version 17
VisualStudioVersion = 17.0.31903.59
MinimumVisualStudioVersion = 10.0.40219.1
Project("{2150E333-8FDC-42A3-9474-1A3956D46DE8}") = "src", "src", "{827E0CD3-B72D-47B6-A68D-7590B98EB39B}"
EndProject
Project("{FAE04EC0-301F-11D3-BF4B-00C04F79EFBC}") = "Keji.Api", "src\Keji.Api\Keji.Api.csproj", "{75B22ACE-1CC5-4196-A6C2-E1723AA5F8F6}"
EndProject
Project("{FAE04EC0-301F-11D3-BF4B-00C04F79EFBC}") = "Keji.Contracts", "src\Keji.Contracts\Keji.Contracts.csproj", "{5AFC44FA-8285-4CE5-9A3B-491E28098E28}"
EndProject
Project("{FAE04EC0-301F-11D3-BF4B-00C04F79EFBC}") = "Keji.Configuration", "src\Keji.Configuration\Keji.Configuration.csproj", "{CF9CF4AE-C09F-4EDD-81A4-5878331EB5C3}"
EndProject
Project("{FAE04EC0-301F-11D3-BF4B-00C04F79EFBC}") = "Keji.Domain", "src\Keji.Domain\Keji.Domain.csproj", "{9D105892-92A9-411A-914B-FC5259BC5A65}"
EndProject
Project("{FAE04EC0-301F-11D3-BF4B-00C04F79EFBC}") = "Keji.Security", "src\Keji.Security\Keji.Security.csproj", "{D98A6B0F-9BDB-4036-B0C2-C3032B9297E4}"
EndProject
Project("{FAE04EC0-301F-11D3-BF4B-00C04F79EFBC}") = "Keji.Persistence", "src\Keji.Persistence\Keji.Persistence.csproj", "{2DC01E9E-1487-4C11-A00C-BD967D5F2D61}"
EndProject
Project("{FAE04EC0-301F-11D3-BF4B-00C04F79EFBC}") = "Keji.FileSystem", "src\Keji.FileSystem\Keji.FileSystem.csproj", "{F2F99FB4-CAB1-4C9E-8A66-7FC6B36A433A}"
EndProject
Project("{FAE04EC0-301F-11D3-BF4B-00C04F79EFBC}") = "Keji.Auditing", "src\Keji.Auditing\Keji.Auditing.csproj", "{C22FA34E-BF61-4AA3-8101-DA0788817B18}"
EndProject
Project("{FAE04EC0-301F-11D3-BF4B-00C04F79EFBC}") = "Keji.Agent", "src\Keji.Agent\Keji.Agent.csproj", "{11E50519-A422-46CC-B504-E89ADFA6F329}"
EndProject
Project("{FAE04EC0-301F-11D3-BF4B-00C04F79EFBC}") = "Keji.Tools", "src\Keji.Tools\Keji.Tools.csproj", "{687B6A07-C227-4561-8A06-31242BFD86C4}"
EndProject
Project("{FAE04EC0-301F-11D3-BF4B-00C04F79EFBC}") = "Keji.ToolWorker", "src\Keji.ToolWorker\Keji.ToolWorker.csproj", "{ED1762F2-0F34-44D5-AFE5-F4537F69D8B8}"
EndProject
Project("{FAE04EC0-301F-11D3-BF4B-00C04F79EFBC}") = "Keji.SmartQuery", "src\Keji.SmartQuery\Keji.SmartQuery.csproj", "{4A911E03-FD58-4EA4-8CCE-053212C4F520}"
EndProject
Project("{FAE04EC0-301F-11D3-BF4B-00C04F79EFBC}") = "Keji.Licensing", "src\Keji.Licensing\Keji.Licensing.csproj", "{4AB04802-D4C5-4B61-AA27-45A1498C3646}"
EndProject
Project("{2150E333-8FDC-42A3-9474-1A3956D46DE8}") = "tests", "tests", "{0AB3BF05-4346-4AA6-1389-037BE0695223}"
EndProject
Project("{FAE04EC0-301F-11D3-BF4B-00C04F79EFBC}") = "Keji.Security.Tests", "tests\Keji.Security.Tests\Keji.Security.Tests.csproj", "{95FFE9D9-BC51-49A9-86A3-721B8CAA80AA}"
EndProject
Project("{FAE04EC0-301F-11D3-BF4B-00C04F79EFBC}") = "Keji.Persistence.Tests", "tests\Keji.Persistence.Tests\Keji.Persistence.Tests.csproj", "{9DC8F028-0138-46D1-8928-EC0443660C1E}"
EndProject
Project("{FAE04EC0-301F-11D3-BF4B-00C04F79EFBC}") = "Keji.FileSystem.Tests", "tests\Keji.FileSystem.Tests\Keji.FileSystem.Tests.csproj", "{65FD5353-A04E-42BD-9CB7-EEF83177524C}"
EndProject
Project("{FAE04EC0-301F-11D3-BF4B-00C04F79EFBC}") = "Keji.Agent.Tests", "tests\Keji.Agent.Tests\Keji.Agent.Tests.csproj", "{06082373-0A1E-4E8D-B696-49B3A74873E3}"
EndProject
Project("{FAE04EC0-301F-11D3-BF4B-00C04F79EFBC}") = "Keji.Tools.Tests", "tests\Keji.Tools.Tests\Keji.Tools.Tests.csproj", "{F0674EF2-1EDE-4CC7-8ECB-48953F1D14D8}"
EndProject
Project("{FAE04EC0-301F-11D3-BF4B-00C04F79EFBC}") = "Keji.Integration.Tests", "tests\Keji.Integration.Tests\Keji.Integration.Tests.csproj", "{F94C253D-0C18-45B1-A2BD-8517046CD82F}"
EndProject
Project("{FAE04EC0-301F-11D3-BF4B-00C04F79EFBC}") = "Keji.Auditing.Tests", "tests\Keji.Auditing.Tests\Keji.Auditing.Tests.csproj", "{8E64B84B-DC3B-4725-9EFF-17545755688B}"
EndProject
Project("{FAE04EC0-301F-11D3-BF4B-00C04F79EFBC}") = "Keji.ToolWorker.Protocol", "src\Keji.ToolWorker.Protocol\Keji.ToolWorker.Protocol.csproj", "{B6044E94-B8AA-4A8D-A4FA-1FCC85F9D5AD}"
EndProject
Project("{FAE04EC0-301F-11D3-BF4B-00C04F79EFBC}") = "Keji.ToolWorker.Client", "src\Keji.ToolWorker.Client\Keji.ToolWorker.Client.csproj", "{9A8BFB49-8457-4899-B398-2A94280920A4}"
EndProject
Project("{FAE04EC0-301F-11D3-BF4B-00C04F79EFBC}") = "Keji.ToolWorker.Tests", "tests\Keji.ToolWorker.Tests\Keji.ToolWorker.Tests.csproj", "{C5D7483B-B5F3-436B-A24D-EEEA3E255680}"
EndProject
Project("{FAE04EC0-301F-11D3-BF4B-00C04F79EFBC}") = "Keji.Providers", "src\Keji.Providers\Keji.Providers.csproj", "{4D435149-9E23-4291-B282-44BB618AC7CA}"
EndProject
Project("{FAE04EC0-301F-11D3-BF4B-00C04F79EFBC}") = "Keji.Streaming", "src\Keji.Streaming\Keji.Streaming.csproj", "{1CF5D668-BAD6-49D7-8638-91C923FD73E9}"
EndProject
Project("{FAE04EC0-301F-11D3-BF4B-00C04F79EFBC}") = "Keji.Providers.Tests", "tests\Keji.Providers.Tests\Keji.Providers.Tests.csproj", "{505780CA-C19D-4878-8287-E3B0D6CCF85F}"
EndProject
Project("{FAE04EC0-301F-11D3-BF4B-00C04F79EFBC}") = "Keji.Streaming.Tests", "tests\Keji.Streaming.Tests\Keji.Streaming.Tests.csproj", "{34C443F8-3273-4616-B507-D9C5EB5FDF53}"
EndProject
Global
	GlobalSection(SolutionConfigurationPlatforms) = preSolution
		Debug|Any CPU = Debug|Any CPU
		Debug|x64 = Debug|x64
		Debug|x86 = Debug|x86
		Release|Any CPU = Release|Any CPU
		Release|x64 = Release|x64
		Release|x86 = Release|x86
	EndGlobalSection
	GlobalSection(ProjectConfigurationPlatforms) = postSolution
		{75B22ACE-1CC5-4196-A6C2-E1723AA5F8F6}.Debug|Any CPU.ActiveCfg = Debug|Any CPU
		{75B22ACE-1CC5-4196-A6C2-E1723AA5F8F6}.Debug|Any CPU.Build.0 = Debug|Any CPU
		{75B22ACE-1CC5-4196-A6C2-E1723AA5F8F6}.Debug|x64.ActiveCfg = Debug|Any CPU
		{75B22ACE-1CC5-4196-A6C2-E1723AA5F8F6}.Debug|x64.Build.0 = Debug|Any CPU
		{75B22ACE-1CC5-4196-A6C2-E1723AA5F8F6}.Debug|x86.ActiveCfg = Debug|Any CPU
		{75B22ACE-1CC5-4196-A6C2-E1723AA5F8F6}.Debug|x86.Build.0 = Debug|Any CPU
		{75B22ACE-1CC5-4196-A6C2-E1723AA5F8F6}.Release|Any CPU.ActiveCfg = Release|Any CPU
		{75B22ACE-1CC5-4196-A6C2-E1723AA5F8F6}.Release|Any CPU.Build.0 = Release|Any CPU
		{75B22ACE-1CC5-4196-A6C2-E1723AA5F8F6}.Release|x64.ActiveCfg = Release|Any CPU
		{75B22ACE-1CC5-4196-A6C2-E1723AA5F8F6}.Release|x64.Build.0 = Release|Any CPU
		{75B22ACE-1CC5-4196-A6C2-E1723AA5F8F6}.Release|x86.ActiveCfg = Release|Any CPU
		{75B22ACE-1CC5-4196-A6C2-E1723AA5F8F6}.Release|x86.Build.0 = Release|Any CPU
		{5AFC44FA-8285-4CE5-9A3B-491E28098E28}.Debug|Any CPU.ActiveCfg = Debug|Any CPU
		{5AFC44FA-8285-4CE5-9A3B-491E28098E28}.Debug|Any CPU.Build.0 = Debug|Any CPU
		{5AFC44FA-8285-4CE5-9A3B-491E28098E28}.Debug|x64.ActiveCfg = Debug|Any CPU
		{5AFC44FA-8285-4CE5-9A3B-491E28098E28}.Debug|x64.Build.0 = Debug|Any CPU
		{5AFC44FA-8285-4CE5-9A3B-491E28098E28}.Debug|x86.ActiveCfg = Debug|Any CPU
		{5AFC44FA-8285-4CE5-9A3B-491E28098E28}.Debug|x86.Build.0 = Debug|Any CPU
		{5AFC44FA-8285-4CE5-9A3B-491E28098E28}.Release|Any CPU.ActiveCfg = Release|Any CPU
		{5AFC44FA-8285-4CE5-9A3B-491E28098E28}.Release|Any CPU.Build.0 = Release|Any CPU
		{5AFC44FA-8285-4CE5-9A3B-491E28098E28}.Release|x64.ActiveCfg = Release|Any CPU
		{5AFC44FA-8285-4CE5-9A3B-491E28098E28}.Release|x64.Build.0 = Release|Any CPU
		{5AFC44FA-8285-4CE5-9A3B-491E28098E28}.Release|x86.ActiveCfg = Release|Any CPU
		{5AFC44FA-8285-4CE5-9A3B-491E28098E28}.Release|x86.Build.0 = Release|Any CPU
		{CF9CF4AE-C09F-4EDD-81A4-5878331EB5C3}.Debug|Any CPU.ActiveCfg = Debug|Any CPU
		{CF9CF4AE-C09F-4EDD-81A4-5878331EB5C3}.Debug|Any CPU.Build.0 = Debug|Any CPU
		{CF9CF4AE-C09F-4EDD-81A4-5878331EB5C3}.Debug|x64.ActiveCfg = Debug|Any CPU
		{CF9CF4AE-C09F-4EDD-81A4-5878331EB5C3}.Debug|x64.Build.0 = Debug|Any CPU
		{CF9CF4AE-C09F-4EDD-81A4-5878331EB5C3}.Debug|x86.ActiveCfg = Debug|Any CPU
		{CF9CF4AE-C09F-4EDD-81A4-5878331EB5C3}.Debug|x86.Build.0 = Debug|Any CPU
		{CF9CF4AE-C09F-4EDD-81A4-5878331EB5C3}.Release|Any CPU.ActiveCfg = Release|Any CPU
		{CF9CF4AE-C09F-4EDD-81A4-5878331EB5C3}.Release|Any CPU.Build.0 = Release|Any CPU
		{CF9CF4AE-C09F-4EDD-81A4-5878331EB5C3}.Release|x64.ActiveCfg = Release|Any CPU
		{CF9CF4AE-C09F-4EDD-81A4-5878331EB5C3}.Release|x64.Build.0 = Release|Any CPU
		{CF9CF4AE-C09F-4EDD-81A4-5878331EB5C3}.Release|x86.ActiveCfg = Release|Any CPU
		{CF9CF4AE-C09F-4EDD-81A4-5878331EB5C3}.Release|x86.Build.0 = Release|Any CPU
		{9D105892-92A9-411A-914B-FC5259BC5A65}.Debug|Any CPU.ActiveCfg = Debug|Any CPU
		{9D105892-92A9-411A-914B-FC5259BC5A65}.Debug|Any CPU.Build.0 = Debug|Any CPU
		{9D105892-92A9-411A-914B-FC5259BC5A65}.Debug|x64.ActiveCfg = Debug|Any CPU
		{9D105892-92A9-411A-914B-FC5259BC5A65}.Debug|x64.Build.0 = Debug|Any CPU
		{9D105892-92A9-411A-914B-FC5259BC5A65}.Debug|x86.ActiveCfg = Debug|Any CPU
		{9D105892-92A9-411A-914B-FC5259BC5A65}.Debug|x86.Build.0 = Debug|Any CPU
		{9D105892-92A9-411A-914B-FC5259BC5A65}.Release|Any CPU.ActiveCfg = Release|Any CPU
		{9D105892-92A9-411A-914B-FC5259BC5A65}.Release|Any CPU.Build.0 = Release|Any CPU
		{9D105892-92A9-411A-914B-FC5259BC5A65}.Release|x64.ActiveCfg = Release|Any CPU
		{9D105892-92A9-411A-914B-FC5259BC5A65}.Release|x64.Build.0 = Release|Any CPU
		{9D105892-92A9-411A-914B-FC5259BC5A65}.Release|x86.ActiveCfg = Release|Any CPU
		{9D105892-92A9-411A-914B-FC5259BC5A65}.Release|x86.Build.0 = Release|Any CPU
		{D98A6B0F-9BDB-4036-B0C2-C3032B9297E4}.Debug|Any CPU.ActiveCfg = Debug|Any CPU
		{D98A6B0F-9BDB-4036-B0C2-C3032B9297E4}.Debug|Any CPU.Build.0 = Debug|Any CPU
		{D98A6B0F-9BDB-4036-B0C2-C3032B9297E4}.Debug|x64.ActiveCfg = Debug|Any CPU
		{D98A6B0F-9BDB-4036-B0C2-C3032B9297E4}.Debug|x64.Build.0 = Debug|Any CPU
		{D98A6B0F-9BDB-4036-B0C2-C3032B9297E4}.Debug|x86.ActiveCfg = Debug|Any CPU
		{D98A6B0F-9BDB-4036-B0C2-C3032B9297E4}.Debug|x86.Build.0 = Debug|Any CPU
		{D98A6B0F-9BDB-4036-B0C2-C3032B9297E4}.Release|Any CPU.ActiveCfg = Release|Any CPU
		{D98A6B0F-9BDB-4036-B0C2-C3032B9297E4}.Release|Any CPU.Build.0 = Release|Any CPU
		{D98A6B0F-9BDB-4036-B0C2-C3032B9297E4}.Release|x64.ActiveCfg = Release|Any CPU
		{D98A6B0F-9BDB-4036-B0C2-C3032B9297E4}.Release|x64.Build.0 = Release|Any CPU
		{D98A6B0F-9BDB-4036-B0C2-C3032B9297E4}.Release|x86.ActiveCfg = Release|Any CPU
		{D98A6B0F-9BDB-4036-B0C2-C3032B9297E4}.Release|x86.Build.0 = Release|Any CPU
		{2DC01E9E-1487-4C11-A00C-BD967D5F2D61}.Debug|Any CPU.ActiveCfg = Debug|Any CPU
		{2DC01E9E-1487-4C11-A00C-BD967D5F2D61}.Debug|Any CPU.Build.0 = Debug|Any CPU
		{2DC01E9E-1487-4C11-A00C-BD967D5F2D61}.Debug|x64.ActiveCfg = Debug|Any CPU
		{2DC01E9E-1487-4C11-A00C-BD967D5F2D61}.Debug|x64.Build.0 = Debug|Any CPU
		{2DC01E9E-1487-4C11-A00C-BD967D5F2D61}.Debug|x86.ActiveCfg = Debug|Any CPU
		{2DC01E9E-1487-4C11-A00C-BD967D5F2D61}.Debug|x86.Build.0 = Debug|Any CPU
		{2DC01E9E-1487-4C11-A00C-BD967D5F2D61}.Release|Any CPU.ActiveCfg = Release|Any CPU
		{2DC01E9E-1487-4C11-A00C-BD967D5F2D61}.Release|Any CPU.Build.0 = Release|Any CPU
		{2DC01E9E-1487-4C11-A00C-BD967D5F2D61}.Release|x64.ActiveCfg = Release|Any CPU
		{2DC01E9E-1487-4C11-A00C-BD967D5F2D61}.Release|x64.Build.0 = Release|Any CPU
		{2DC01E9E-1487-4C11-A00C-BD967D5F2D61}.Release|x86.ActiveCfg = Release|Any CPU
		{2DC01E9E-1487-4C11-A00C-BD967D5F2D61}.Release|x86.Build.0 = Release|Any CPU
		{F2F99FB4-CAB1-4C9E-8A66-7FC6B36A433A}.Debug|Any CPU.ActiveCfg = Debug|Any CPU
		{F2F99FB4-CAB1-4C9E-8A66-7FC6B36A433A}.Debug|Any CPU.Build.0 = Debug|Any CPU
		{F2F99FB4-CAB1-4C9E-8A66-7FC6B36A433A}.Debug|x64.ActiveCfg = Debug|Any CPU
		{F2F99FB4-CAB1-4C9E-8A66-7FC6B36A433A}.Debug|x64.Build.0 = Debug|Any CPU
		{F2F99FB4-CAB1-4C9E-8A66-7FC6B36A433A}.Debug|x86.ActiveCfg = Debug|Any CPU
		{F2F99FB4-CAB1-4C9E-8A66-7FC6B36A433A}.Debug|x86.Build.0 = Debug|Any CPU
		{F2F99FB4-CAB1-4C9E-8A66-7FC6B36A433A}.Release|Any CPU.ActiveCfg = Release|Any CPU
		{F2F99FB4-CAB1-4C9E-8A66-7FC6B36A433A}.Release|Any CPU.Build.0 = Release|Any CPU
		{F2F99FB4-CAB1-4C9E-8A66-7FC6B36A433A}.Release|x64.ActiveCfg = Release|Any CPU
		{F2F99FB4-CAB1-4C9E-8A66-7FC6B36A433A}.Release|x64.Build.0 = Release|Any CPU
		{F2F99FB4-CAB1-4C9E-8A66-7FC6B36A433A}.Release|x86.ActiveCfg = Release|Any CPU
		{F2F99FB4-CAB1-4C9E-8A66-7FC6B36A433A}.Release|x86.Build.0 = Release|Any CPU
		{C22FA34E-BF61-4AA3-8101-DA0788817B18}.Debug|Any CPU.ActiveCfg = Debug|Any CPU
		{C22FA34E-BF61-4AA3-8101-DA0788817B18}.Debug|Any CPU.Build.0 = Debug|Any CPU
		{C22FA34E-BF61-4AA3-8101-DA0788817B18}.Debug|x64.ActiveCfg = Debug|Any CPU
		{C22FA34E-BF61-4AA3-8101-DA0788817B18}.Debug|x64.Build.0 = Debug|Any CPU
		{C22FA34E-BF61-4AA3-8101-DA0788817B18}.Debug|x86.ActiveCfg = Debug|Any CPU
		{C22FA34E-BF61-4AA3-8101-DA0788817B18}.Debug|x86.Build.0 = Debug|Any CPU
		{C22FA34E-BF61-4AA3-8101-DA0788817B18}.Release|Any CPU.ActiveCfg = Release|Any CPU
		{C22FA34E-BF61-4AA3-8101-DA0788817B18}.Release|Any CPU.Build.0 = Release|Any CPU
		{C22FA34E-BF61-4AA3-8101-DA0788817B18}.Release|x64.ActiveCfg = Release|Any CPU
		{C22FA34E-BF61-4AA3-8101-DA0788817B18}.Release|x64.Build.0 = Release|Any CPU
		{C22FA34E-BF61-4AA3-8101-DA0788817B18}.Release|x86.ActiveCfg = Release|Any CPU
		{C22FA34E-BF61-4AA3-8101-DA0788817B18}.Release|x86.Build.0 = Release|Any CPU
		{11E50519-A422-46CC-B504-E89ADFA6F329}.Debug|Any CPU.ActiveCfg = Debug|Any CPU
		{11E50519-A422-46CC-B504-E89ADFA6F329}.Debug|Any CPU.Build.0 = Debug|Any CPU
		{11E50519-A422-46CC-B504-E89ADFA6F329}.Debug|x64.ActiveCfg = Debug|Any CPU
		{11E50519-A422-46CC-B504-E89ADFA6F329}.Debug|x64.Build.0 = Debug|Any CPU
		{11E50519-A422-46CC-B504-E89ADFA6F329}.Debug|x86.ActiveCfg = Debug|Any CPU
		{11E50519-A422-46CC-B504-E89ADFA6F329}.Debug|x86.Build.0 = Debug|Any CPU
		{11E50519-A422-46CC-B504-E89ADFA6F329}.Release|Any CPU.ActiveCfg = Release|Any CPU
		{11E50519-A422-46CC-B504-E89ADFA6F329}.Release|Any CPU.Build.0 = Release|Any CPU
		{11E50519-A422-46CC-B504-E89ADFA6F329}.Release|x64.ActiveCfg = Release|Any CPU
		{11E50519-A422-46CC-B504-E89ADFA6F329}.Release|x64.Build.0 = Release|Any CPU
		{11E50519-A422-46CC-B504-E89ADFA6F329}.Release|x86.ActiveCfg = Release|Any CPU
		{11E50519-A422-46CC-B504-E89ADFA6F329}.Release|x86.Build.0 = Release|Any CPU
		{687B6A07-C227-4561-8A06-31242BFD86C4}.Debug|Any CPU.ActiveCfg = Debug|Any CPU
		{687B6A07-C227-4561-8A06-31242BFD86C4}.Debug|Any CPU.Build.0 = Debug|Any CPU
		{687B6A07-C227-4561-8A06-31242BFD86C4}.Debug|x64.ActiveCfg = Debug|Any CPU
		{687B6A07-C227-4561-8A06-31242BFD86C4}.Debug|x64.Build.0 = Debug|Any CPU
		{687B6A07-C227-4561-8A06-31242BFD86C4}.Debug|x86.ActiveCfg = Debug|Any CPU
		{687B6A07-C227-4561-8A06-31242BFD86C4}.Debug|x86.Build.0 = Debug|Any CPU
		{687B6A07-C227-4561-8A06-31242BFD86C4}.Release|Any CPU.ActiveCfg = Release|Any CPU
		{687B6A07-C227-4561-8A06-31242BFD86C4}.Release|Any CPU.Build.0 = Release|Any CPU
		{687B6A07-C227-4561-8A06-31242BFD86C4}.Release|x64.ActiveCfg = Release|Any CPU
		{687B6A07-C227-4561-8A06-31242BFD86C4}.Release|x64.Build.0 = Release|Any CPU
		{687B6A07-C227-4561-8A06-31242BFD86C4}.Release|x86.ActiveCfg = Release|Any CPU
		{687B6A07-C227-4561-8A06-31242BFD86C4}.Release|x86.Build.0 = Release|Any CPU
		{ED1762F2-0F34-44D5-AFE5-F4537F69D8B8}.Debug|Any CPU.ActiveCfg = Debug|Any CPU
		{ED1762F2-0F34-44D5-AFE5-F4537F69D8B8}.Debug|Any CPU.Build.0 = Debug|Any CPU
		{ED1762F2-0F34-44D5-AFE5-F4537F69D8B8}.Debug|x64.ActiveCfg = Debug|Any CPU
		{ED1762F2-0F34-44D5-AFE5-F4537F69D8B8}.Debug|x64.Build.0 = Debug|Any CPU
		{ED1762F2-0F34-44D5-AFE5-F4537F69D8B8}.Debug|x86.ActiveCfg = Debug|Any CPU
		{ED1762F2-0F34-44D5-AFE5-F4537F69D8B8}.Debug|x86.Build.0 = Debug|Any CPU
		{ED1762F2-0F34-44D5-AFE5-F4537F69D8B8}.Release|Any CPU.ActiveCfg = Release|Any CPU
		{ED1762F2-0F34-44D5-AFE5-F4537F69D8B8}.Release|Any CPU.Build.0 = Release|Any CPU
		{ED1762F2-0F34-44D5-AFE5-F4537F69D8B8}.Release|x64.ActiveCfg = Release|Any CPU
		{ED1762F2-0F34-44D5-AFE5-F4537F69D8B8}.Release|x64.Build.0 = Release|Any CPU
		{ED1762F2-0F34-44D5-AFE5-F4537F69D8B8}.Release|x86.ActiveCfg = Release|Any CPU
		{ED1762F2-0F34-44D5-AFE5-F4537F69D8B8}.Release|x86.Build.0 = Release|Any CPU
		{4A911E03-FD58-4EA4-8CCE-053212C4F520}.Debug|Any CPU.ActiveCfg = Debug|Any CPU
		{4A911E03-FD58-4EA4-8CCE-053212C4F520}.Debug|Any CPU.Build.0 = Debug|Any CPU
		{4A911E03-FD58-4EA4-8CCE-053212C4F520}.Debug|x64.ActiveCfg = Debug|Any CPU
		{4A911E03-FD58-4EA4-8CCE-053212C4F520}.Debug|x64.Build.0 = Debug|Any CPU
		{4A911E03-FD58-4EA4-8CCE-053212C4F520}.Debug|x86.ActiveCfg = Debug|Any CPU
		{4A911E03-FD58-4EA4-8CCE-053212C4F520}.Debug|x86.Build.0 = Debug|Any CPU
		{4A911E03-FD58-4EA4-8CCE-053212C4F520}.Release|Any CPU.ActiveCfg = Release|Any CPU
		{4A911E03-FD58-4EA4-8CCE-053212C4F520}.Release|Any CPU.Build.0 = Release|Any CPU
		{4A911E03-FD58-4EA4-8CCE-053212C4F520}.Release|x64.ActiveCfg = Release|Any CPU
		{4A911E03-FD58-4EA4-8CCE-053212C4F520}.Release|x64.Build.0 = Release|Any CPU
		{4A911E03-FD58-4EA4-8CCE-053212C4F520}.Release|x86.ActiveCfg = Release|Any CPU
		{4A911E03-FD58-4EA4-8CCE-053212C4F520}.Release|x86.Build.0 = Release|Any CPU
		{4AB04802-D4C5-4B61-AA27-45A1498C3646}.Debug|Any CPU.ActiveCfg = Debug|Any CPU
		{4AB04802-D4C5-4B61-AA27-45A1498C3646}.Debug|Any CPU.Build.0 = Debug|Any CPU
		{4AB04802-D4C5-4B61-AA27-45A1498C3646}.Debug|x64.ActiveCfg = Debug|Any CPU
		{4AB04802-D4C5-4B61-AA27-45A1498C3646}.Debug|x64.Build.0 = Debug|Any CPU
		{4AB04802-D4C5-4B61-AA27-45A1498C3646}.Debug|x86.ActiveCfg = Debug|Any CPU
		{4AB04802-D4C5-4B61-AA27-45A1498C3646}.Debug|x86.Build.0 = Debug|Any CPU
		{4AB04802-D4C5-4B61-AA27-45A1498C3646}.Release|Any CPU.ActiveCfg = Release|Any CPU
		{4AB04802-D4C5-4B61-AA27-45A1498C3646}.Release|Any CPU.Build.0 = Release|Any CPU
		{4AB04802-D4C5-4B61-AA27-45A1498C3646}.Release|x64.ActiveCfg = Release|Any CPU
		{4AB04802-D4C5-4B61-AA27-45A1498C3646}.Release|x64.Build.0 = Release|Any CPU
		{4AB04802-D4C5-4B61-AA27-45A1498C3646}.Release|x86.ActiveCfg = Release|Any CPU
		{4AB04802-D4C5-4B61-AA27-45A1498C3646}.Release|x86.Build.0 = Release|Any CPU
		{95FFE9D9-BC51-49A9-86A3-721B8CAA80AA}.Debug|Any CPU.ActiveCfg = Debug|Any CPU
		{95FFE9D9-BC51-49A9-86A3-721B8CAA80AA}.Debug|Any CPU.Build.0 = Debug|Any CPU
		{95FFE9D9-BC51-49A9-86A3-721B8CAA80AA}.Debug|x64.ActiveCfg = Debug|Any CPU
		{95FFE9D9-BC51-49A9-86A3-721B8CAA80AA}.Debug|x64.Build.0 = Debug|Any CPU
		{95FFE9D9-BC51-49A9-86A3-721B8CAA80AA}.Debug|x86.ActiveCfg = Debug|Any CPU
		{95FFE9D9-BC51-49A9-86A3-721B8CAA80AA}.Debug|x86.Build.0 = Debug|Any CPU
		{95FFE9D9-BC51-49A9-86A3-721B8CAA80AA}.Release|Any CPU.ActiveCfg = Release|Any CPU
		{95FFE9D9-BC51-49A9-86A3-721B8CAA80AA}.Release|Any CPU.Build.0 = Release|Any CPU
		{95FFE9D9-BC51-49A9-86A3-721B8CAA80AA}.Release|x64.ActiveCfg = Release|Any CPU
		{95FFE9D9-BC51-49A9-86A3-721B8CAA80AA}.Release|x64.Build.0 = Release|Any CPU
		{95FFE9D9-BC51-49A9-86A3-721B8CAA80AA}.Release|x86.ActiveCfg = Release|Any CPU
		{95FFE9D9-BC51-49A9-86A3-721B8CAA80AA}.Release|x86.Build.0 = Release|Any CPU
		{9DC8F028-0138-46D1-8928-EC0443660C1E}.Debug|Any CPU.ActiveCfg = Debug|Any CPU
		{9DC8F028-0138-46D1-8928-EC0443660C1E}.Debug|Any CPU.Build.0 = Debug|Any CPU
		{9DC8F028-0138-46D1-8928-EC0443660C1E}.Debug|x64.ActiveCfg = Debug|Any CPU
		{9DC8F028-0138-46D1-8928-EC0443660C1E}.Debug|x64.Build.0 = Debug|Any CPU
		{9DC8F028-0138-46D1-8928-EC0443660C1E}.Debug|x86.ActiveCfg = Debug|Any CPU
		{9DC8F028-0138-46D1-8928-EC0443660C1E}.Debug|x86.Build.0 = Debug|Any CPU
		{9DC8F028-0138-46D1-8928-EC0443660C1E}.Release|Any CPU.ActiveCfg = Release|Any CPU
		{9DC8F028-0138-46D1-8928-EC0443660C1E}.Release|Any CPU.Build.0 = Release|Any CPU
		{9DC8F028-0138-46D1-8928-EC0443660C1E}.Release|x64.ActiveCfg = Release|Any CPU
		{9DC8F028-0138-46D1-8928-EC0443660C1E}.Release|x64.Build.0 = Release|Any CPU
		{9DC8F028-0138-46D1-8928-EC0443660C1E}.Release|x86.ActiveCfg = Release|Any CPU
		{9DC8F028-0138-46D1-8928-EC0443660C1E}.Release|x86.Build.0 = Release|Any CPU
		{65FD5353-A04E-42BD-9CB7-EEF83177524C}.Debug|Any CPU.ActiveCfg = Debug|Any CPU
		{65FD5353-A04E-42BD-9CB7-EEF83177524C}.Debug|Any CPU.Build.0 = Debug|Any CPU
		{65FD5353-A04E-42BD-9CB7-EEF83177524C}.Debug|x64.ActiveCfg = Debug|Any CPU
		{65FD5353-A04E-42BD-9CB7-EEF83177524C}.Debug|x64.Build.0 = Debug|Any CPU
		{65FD5353-A04E-42BD-9CB7-EEF83177524C}.Debug|x86.ActiveCfg = Debug|Any CPU
		{65FD5353-A04E-42BD-9CB7-EEF83177524C}.Debug|x86.Build.0 = Debug|Any CPU
		{65FD5353-A04E-42BD-9CB7-EEF83177524C}.Release|Any CPU.ActiveCfg = Release|Any CPU
		{65FD5353-A04E-42BD-9CB7-EEF83177524C}.Release|Any CPU.Build.0 = Release|Any CPU
		{65FD5353-A04E-42BD-9CB7-EEF83177524C}.Release|x64.ActiveCfg = Release|Any CPU
		{65FD5353-A04E-42BD-9CB7-EEF83177524C}.Release|x64.Build.0 = Release|Any CPU
		{65FD5353-A04E-42BD-9CB7-EEF83177524C}.Release|x86.ActiveCfg = Release|Any CPU
		{65FD5353-A04E-42BD-9CB7-EEF83177524C}.Release|x86.Build.0 = Release|Any CPU
		{06082373-0A1E-4E8D-B696-49B3A74873E3}.Debug|Any CPU.ActiveCfg = Debug|Any CPU
		{06082373-0A1E-4E8D-B696-49B3A74873E3}.Debug|Any CPU.Build.0 = Debug|Any CPU
		{06082373-0A1E-4E8D-B696-49B3A74873E3}.Debug|x64.ActiveCfg = Debug|Any CPU
		{06082373-0A1E-4E8D-B696-49B3A74873E3}.Debug|x64.Build.0 = Debug|Any CPU
		{06082373-0A1E-4E8D-B696-49B3A74873E3}.Debug|x86.ActiveCfg = Debug|Any CPU
		{06082373-0A1E-4E8D-B696-49B3A74873E3}.Debug|x86.Build.0 = Debug|Any CPU
		{06082373-0A1E-4E8D-B696-49B3A74873E3}.Release|Any CPU.ActiveCfg = Release|Any CPU
		{06082373-0A1E-4E8D-B696-49B3A74873E3}.Release|Any CPU.Build.0 = Release|Any CPU
		{06082373-0A1E-4E8D-B696-49B3A74873E3}.Release|x64.ActiveCfg = Release|Any CPU
		{06082373-0A1E-4E8D-B696-49B3A74873E3}.Release|x64.Build.0 = Release|Any CPU
		{06082373-0A1E-4E8D-B696-49B3A74873E3}.Release|x86.ActiveCfg = Release|Any CPU
		{06082373-0A1E-4E8D-B696-49B3A74873E3}.Release|x86.Build.0 = Release|Any CPU
		{F0674EF2-1EDE-4CC7-8ECB-48953F1D14D8}.Debug|Any CPU.ActiveCfg = Debug|Any CPU
		{F0674EF2-1EDE-4CC7-8ECB-48953F1D14D8}.Debug|Any CPU.Build.0 = Debug|Any CPU
		{F0674EF2-1EDE-4CC7-8ECB-48953F1D14D8}.Debug|x64.ActiveCfg = Debug|Any CPU
		{F0674EF2-1EDE-4CC7-8ECB-48953F1D14D8}.Debug|x64.Build.0 = Debug|Any CPU
		{F0674EF2-1EDE-4CC7-8ECB-48953F1D14D8}.Debug|x86.ActiveCfg = Debug|Any CPU
		{F0674EF2-1EDE-4CC7-8ECB-48953F1D14D8}.Debug|x86.Build.0 = Debug|Any CPU
		{F0674EF2-1EDE-4CC7-8ECB-48953F1D14D8}.Release|Any CPU.ActiveCfg = Release|Any CPU
		{F0674EF2-1EDE-4CC7-8ECB-48953F1D14D8}.Release|Any CPU.Build.0 = Release|Any CPU
		{F0674EF2-1EDE-4CC7-8ECB-48953F1D14D8}.Release|x64.ActiveCfg = Release|Any CPU
		{F0674EF2-1EDE-4CC7-8ECB-48953F1D14D8}.Release|x64.Build.0 = Release|Any CPU
		{F0674EF2-1EDE-4CC7-8ECB-48953F1D14D8}.Release|x86.ActiveCfg = Release|Any CPU
		{F0674EF2-1EDE-4CC7-8ECB-48953F1D14D8}.Release|x86.Build.0 = Release|Any CPU
		{F94C253D-0C18-45B1-A2BD-8517046CD82F}.Debug|Any CPU.ActiveCfg = Debug|Any CPU
		{F94C253D-0C18-45B1-A2BD-8517046CD82F}.Debug|Any CPU.Build.0 = Debug|Any CPU
		{F94C253D-0C18-45B1-A2BD-8517046CD82F}.Debug|x64.ActiveCfg = Debug|Any CPU
		{F94C253D-0C18-45B1-A2BD-8517046CD82F}.Debug|x64.Build.0 = Debug|Any CPU
		{F94C253D-0C18-45B1-A2BD-8517046CD82F}.Debug|x86.ActiveCfg = Debug|Any CPU
		{F94C253D-0C18-45B1-A2BD-8517046CD82F}.Debug|x86.Build.0 = Debug|Any CPU
		{F94C253D-0C18-45B1-A2BD-8517046CD82F}.Release|Any CPU.ActiveCfg = Release|Any CPU
		{F94C253D-0C18-45B1-A2BD-8517046CD82F}.Release|Any CPU.Build.0 = Release|Any CPU
		{F94C253D-0C18-45B1-A2BD-8517046CD82F}.Release|x64.ActiveCfg = Release|Any CPU
		{F94C253D-0C18-45B1-A2BD-8517046CD82F}.Release|x64.Build.0 = Release|Any CPU
		{F94C253D-0C18-45B1-A2BD-8517046CD82F}.Release|x86.ActiveCfg = Release|Any CPU
		{F94C253D-0C18-45B1-A2BD-8517046CD82F}.Release|x86.Build.0 = Release|Any CPU
		{8E64B84B-DC3B-4725-9EFF-17545755688B}.Debug|Any CPU.ActiveCfg = Debug|Any CPU
		{8E64B84B-DC3B-4725-9EFF-17545755688B}.Debug|Any CPU.Build.0 = Debug|Any CPU
		{8E64B84B-DC3B-4725-9EFF-17545755688B}.Debug|x64.ActiveCfg = Debug|Any CPU
		{8E64B84B-DC3B-4725-9EFF-17545755688B}.Debug|x64.Build.0 = Debug|Any CPU
		{8E64B84B-DC3B-4725-9EFF-17545755688B}.Debug|x86.ActiveCfg = Debug|Any CPU
		{8E64B84B-DC3B-4725-9EFF-17545755688B}.Debug|x86.Build.0 = Debug|Any CPU
		{8E64B84B-DC3B-4725-9EFF-17545755688B}.Release|Any CPU.ActiveCfg = Release|Any CPU
		{8E64B84B-DC3B-4725-9EFF-17545755688B}.Release|Any CPU.Build.0 = Release|Any CPU
		{8E64B84B-DC3B-4725-9EFF-17545755688B}.Release|x64.ActiveCfg = Release|Any CPU
		{8E64B84B-DC3B-4725-9EFF-17545755688B}.Release|x64.Build.0 = Release|Any CPU
		{8E64B84B-DC3B-4725-9EFF-17545755688B}.Release|x86.ActiveCfg = Release|Any CPU
		{8E64B84B-DC3B-4725-9EFF-17545755688B}.Release|x86.Build.0 = Release|Any CPU
		{B6044E94-B8AA-4A8D-A4FA-1FCC85F9D5AD}.Debug|Any CPU.ActiveCfg = Debug|Any CPU
		{B6044E94-B8AA-4A8D-A4FA-1FCC85F9D5AD}.Debug|Any CPU.Build.0 = Debug|Any CPU
		{B6044E94-B8AA-4A8D-A4FA-1FCC85F9D5AD}.Debug|x64.ActiveCfg = Debug|Any CPU
		{B6044E94-B8AA-4A8D-A4FA-1FCC85F9D5AD}.Debug|x64.Build.0 = Debug|Any CPU
		{B6044E94-B8AA-4A8D-A4FA-1FCC85F9D5AD}.Debug|x86.ActiveCfg = Debug|Any CPU
		{B6044E94-B8AA-4A8D-A4FA-1FCC85F9D5AD}.Debug|x86.Build.0 = Debug|Any CPU
		{B6044E94-B8AA-4A8D-A4FA-1FCC85F9D5AD}.Release|Any CPU.ActiveCfg = Release|Any CPU
		{B6044E94-B8AA-4A8D-A4FA-1FCC85F9D5AD}.Release|Any CPU.Build.0 = Release|Any CPU
		{B6044E94-B8AA-4A8D-A4FA-1FCC85F9D5AD}.Release|x64.ActiveCfg = Release|Any CPU
		{B6044E94-B8AA-4A8D-A4FA-1FCC85F9D5AD}.Release|x64.Build.0 = Release|Any CPU
		{B6044E94-B8AA-4A8D-A4FA-1FCC85F9D5AD}.Release|x86.ActiveCfg = Release|Any CPU
		{B6044E94-B8AA-4A8D-A4FA-1FCC85F9D5AD}.Release|x86.Build.0 = Release|Any CPU
		{9A8BFB49-8457-4899-B398-2A94280920A4}.Debug|Any CPU.ActiveCfg = Debug|Any CPU
		{9A8BFB49-8457-4899-B398-2A94280920A4}.Debug|Any CPU.Build.0 = Debug|Any CPU
		{9A8BFB49-8457-4899-B398-2A94280920A4}.Debug|x64.ActiveCfg = Debug|Any CPU
		{9A8BFB49-8457-4899-B398-2A94280920A4}.Debug|x64.Build.0 = Debug|Any CPU
		{9A8BFB49-8457-4899-B398-2A94280920A4}.Debug|x86.ActiveCfg = Debug|Any CPU
		{9A8BFB49-8457-4899-B398-2A94280920A4}.Debug|x86.Build.0 = Debug|Any CPU
		{9A8BFB49-8457-4899-B398-2A94280920A4}.Release|Any CPU.ActiveCfg = Release|Any CPU
		{9A8BFB49-8457-4899-B398-2A94280920A4}.Release|Any CPU.Build.0 = Release|Any CPU
		{9A8BFB49-8457-4899-B398-2A94280920A4}.Release|x64.ActiveCfg = Release|Any CPU
		{9A8BFB49-8457-4899-B398-2A94280920A4}.Release|x64.Build.0 = Release|Any CPU
		{9A8BFB49-8457-4899-B398-2A94280920A4}.Release|x86.ActiveCfg = Release|Any CPU
		{9A8BFB49-8457-4899-B398-2A94280920A4}.Release|x86.Build.0 = Release|Any CPU
		{C5D7483B-B5F3-436B-A24D-EEEA3E255680}.Debug|Any CPU.ActiveCfg = Debug|Any CPU
		{C5D7483B-B5F3-436B-A24D-EEEA3E255680}.Debug|Any CPU.Build.0 = Debug|Any CPU
		{C5D7483B-B5F3-436B-A24D-EEEA3E255680}.Debug|x64.ActiveCfg = Debug|Any CPU
		{C5D7483B-B5F3-436B-A24D-EEEA3E255680}.Debug|x64.Build.0 = Debug|Any CPU
		{C5D7483B-B5F3-436B-A24D-EEEA3E255680}.Debug|x86.ActiveCfg = Debug|Any CPU
		{C5D7483B-B5F3-436B-A24D-EEEA3E255680}.Debug|x86.Build.0 = Debug|Any CPU
		{C5D7483B-B5F3-436B-A24D-EEEA3E255680}.Release|Any CPU.ActiveCfg = Release|Any CPU
		{C5D7483B-B5F3-436B-A24D-EEEA3E255680}.Release|Any CPU.Build.0 = Release|Any CPU
		{C5D7483B-B5F3-436B-A24D-EEEA3E255680}.Release|x64.ActiveCfg = Release|Any CPU
		{C5D7483B-B5F3-436B-A24D-EEEA3E255680}.Release|x64.Build.0 = Release|Any CPU
		{C5D7483B-B5F3-436B-A24D-EEEA3E255680}.Release|x86.ActiveCfg = Release|Any CPU
		{C5D7483B-B5F3-436B-A24D-EEEA3E255680}.Release|x86.Build.0 = Release|Any CPU
		{4D435149-9E23-4291-B282-44BB618AC7CA}.Debug|Any CPU.ActiveCfg = Debug|Any CPU
		{4D435149-9E23-4291-B282-44BB618AC7CA}.Debug|Any CPU.Build.0 = Debug|Any CPU
		{4D435149-9E23-4291-B282-44BB618AC7CA}.Debug|x64.ActiveCfg = Debug|Any CPU
		{4D435149-9E23-4291-B282-44BB618AC7CA}.Debug|x64.Build.0 = Debug|Any CPU
		{4D435149-9E23-4291-B282-44BB618AC7CA}.Debug|x86.ActiveCfg = Debug|Any CPU
		{4D435149-9E23-4291-B282-44BB618AC7CA}.Debug|x86.Build.0 = Debug|Any CPU
		{4D435149-9E23-4291-B282-44BB618AC7CA}.Release|Any CPU.ActiveCfg = Release|Any CPU
		{4D435149-9E23-4291-B282-44BB618AC7CA}.Release|Any CPU.Build.0 = Release|Any CPU
		{4D435149-9E23-4291-B282-44BB618AC7CA}.Release|x64.ActiveCfg = Release|Any CPU
		{4D435149-9E23-4291-B282-44BB618AC7CA}.Release|x64.Build.0 = Release|Any CPU
		{4D435149-9E23-4291-B282-44BB618AC7CA}.Release|x86.ActiveCfg = Release|Any CPU
		{4D435149-9E23-4291-B282-44BB618AC7CA}.Release|x86.Build.0 = Release|Any CPU
		{1CF5D668-BAD6-49D7-8638-91C923FD73E9}.Debug|Any CPU.ActiveCfg = Debug|Any CPU
		{1CF5D668-BAD6-49D7-8638-91C923FD73E9}.Debug|Any CPU.Build.0 = Debug|Any CPU
		{1CF5D668-BAD6-49D7-8638-91C923FD73E9}.Debug|x64.ActiveCfg = Debug|Any CPU
		{1CF5D668-BAD6-49D7-8638-91C923FD73E9}.Debug|x64.Build.0 = Debug|Any CPU
		{1CF5D668-BAD6-49D7-8638-91C923FD73E9}.Debug|x86.ActiveCfg = Debug|Any CPU
		{1CF5D668-BAD6-49D7-8638-91C923FD73E9}.Debug|x86.Build.0 = Debug|Any CPU
		{1CF5D668-BAD6-49D7-8638-91C923FD73E9}.Release|Any CPU.ActiveCfg = Release|Any CPU
		{1CF5D668-BAD6-49D7-8638-91C923FD73E9}.Release|Any CPU.Build.0 = Release|Any CPU
		{1CF5D668-BAD6-49D7-8638-91C923FD73E9}.Release|x64.ActiveCfg = Release|Any CPU
		{1CF5D668-BAD6-49D7-8638-91C923FD73E9}.Release|x64.Build.0 = Release|Any CPU
		{1CF5D668-BAD6-49D7-8638-91C923FD73E9}.Release|x86.ActiveCfg = Release|Any CPU
		{1CF5D668-BAD6-49D7-8638-91C923FD73E9}.Release|x86.Build.0 = Release|Any CPU
		{505780CA-C19D-4878-8287-E3B0D6CCF85F}.Debug|Any CPU.ActiveCfg = Debug|Any CPU
		{505780CA-C19D-4878-8287-E3B0D6CCF85F}.Debug|Any CPU.Build.0 = Debug|Any CPU
		{505780CA-C19D-4878-8287-E3B0D6CCF85F}.Debug|x64.ActiveCfg = Debug|Any CPU
		{505780CA-C19D-4878-8287-E3B0D6CCF85F}.Debug|x64.Build.0 = Debug|Any CPU
		{505780CA-C19D-4878-8287-E3B0D6CCF85F}.Debug|x86.ActiveCfg = Debug|Any CPU
		{505780CA-C19D-4878-8287-E3B0D6CCF85F}.Debug|x86.Build.0 = Debug|Any CPU
		{505780CA-C19D-4878-8287-E3B0D6CCF85F}.Release|Any CPU.ActiveCfg = Release|Any CPU
		{505780CA-C19D-4878-8287-E3B0D6CCF85F}.Release|Any CPU.Build.0 = Release|Any CPU
		{505780CA-C19D-4878-8287-E3B0D6CCF85F}.Release|x64.ActiveCfg = Release|Any CPU
		{505780CA-C19D-4878-8287-E3B0D6CCF85F}.Release|x64.Build.0 = Release|Any CPU
		{505780CA-C19D-4878-8287-E3B0D6CCF85F}.Release|x86.ActiveCfg = Release|Any CPU
		{505780CA-C19D-4878-8287-E3B0D6CCF85F}.Release|x86.Build.0 = Release|Any CPU
		{34C443F8-3273-4616-B507-D9C5EB5FDF53}.Debug|Any CPU.ActiveCfg = Debug|Any CPU
		{34C443F8-3273-4616-B507-D9C5EB5FDF53}.Debug|Any CPU.Build.0 = Debug|Any CPU
		{34C443F8-3273-4616-B507-D9C5EB5FDF53}.Debug|x64.ActiveCfg = Debug|Any CPU
		{34C443F8-3273-4616-B507-D9C5EB5FDF53}.Debug|x64.Build.0 = Debug|Any CPU
		{34C443F8-3273-4616-B507-D9C5EB5FDF53}.Debug|x86.ActiveCfg = Debug|Any CPU
		{34C443F8-3273-4616-B507-D9C5EB5FDF53}.Debug|x86.Build.0 = Debug|Any CPU
		{34C443F8-3273-4616-B507-D9C5EB5FDF53}.Release|Any CPU.ActiveCfg = Release|Any CPU
		{34C443F8-3273-4616-B507-D9C5EB5FDF53}.Release|Any CPU.Build.0 = Release|Any CPU
		{34C443F8-3273-4616-B507-D9C5EB5FDF53}.Release|x64.ActiveCfg = Release|Any CPU
		{34C443F8-3273-4616-B507-D9C5EB5FDF53}.Release|x64.Build.0 = Release|Any CPU
		{34C443F8-3273-4616-B507-D9C5EB5FDF53}.Release|x86.ActiveCfg = Release|Any CPU
		{34C443F8-3273-4616-B507-D9C5EB5FDF53}.Release|x86.Build.0 = Release|Any CPU
	EndGlobalSection
	GlobalSection(SolutionProperties) = preSolution
		HideSolutionNode = FALSE
	EndGlobalSection
	GlobalSection(NestedProjects) = preSolution
		{75B22ACE-1CC5-4196-A6C2-E1723AA5F8F6} = {827E0CD3-B72D-47B6-A68D-7590B98EB39B}
		{5AFC44FA-8285-4CE5-9A3B-491E28098E28} = {827E0CD3-B72D-47B6-A68D-7590B98EB39B}
		{CF9CF4AE-C09F-4EDD-81A4-5878331EB5C3} = {827E0CD3-B72D-47B6-A68D-7590B98EB39B}
		{9D105892-92A9-411A-914B-FC5259BC5A65} = {827E0CD3-B72D-47B6-A68D-7590B98EB39B}
		{D98A6B0F-9BDB-4036-B0C2-C3032B9297E4} = {827E0CD3-B72D-47B6-A68D-7590B98EB39B}
		{2DC01E9E-1487-4C11-A00C-BD967D5F2D61} = {827E0CD3-B72D-47B6-A68D-7590B98EB39B}
		{F2F99FB4-CAB1-4C9E-8A66-7FC6B36A433A} = {827E0CD3-B72D-47B6-A68D-7590B98EB39B}
		{C22FA34E-BF61-4AA3-8101-DA0788817B18} = {827E0CD3-B72D-47B6-A68D-7590B98EB39B}
		{11E50519-A422-46CC-B504-E89ADFA6F329} = {827E0CD3-B72D-47B6-A68D-7590B98EB39B}
		{687B6A07-C227-4561-8A06-31242BFD86C4} = {827E0CD3-B72D-47B6-A68D-7590B98EB39B}
		{ED1762F2-0F34-44D5-AFE5-F4537F69D8B8} = {827E0CD3-B72D-47B6-A68D-7590B98EB39B}
		{4A911E03-FD58-4EA4-8CCE-053212C4F520} = {827E0CD3-B72D-47B6-A68D-7590B98EB39B}
		{4AB04802-D4C5-4B61-AA27-45A1498C3646} = {827E0CD3-B72D-47B6-A68D-7590B98EB39B}
		{95FFE9D9-BC51-49A9-86A3-721B8CAA80AA} = {0AB3BF05-4346-4AA6-1389-037BE0695223}
		{9DC8F028-0138-46D1-8928-EC0443660C1E} = {0AB3BF05-4346-4AA6-1389-037BE0695223}
		{65FD5353-A04E-42BD-9CB7-EEF83177524C} = {0AB3BF05-4346-4AA6-1389-037BE0695223}
		{06082373-0A1E-4E8D-B696-49B3A74873E3} = {0AB3BF05-4346-4AA6-1389-037BE0695223}
		{F0674EF2-1EDE-4CC7-8ECB-48953F1D14D8} = {0AB3BF05-4346-4AA6-1389-037BE0695223}
		{F94C253D-0C18-45B1-A2BD-8517046CD82F} = {0AB3BF05-4346-4AA6-1389-037BE0695223}
		{8E64B84B-DC3B-4725-9EFF-17545755688B} = {0AB3BF05-4346-4AA6-1389-037BE0695223}
		{B6044E94-B8AA-4A8D-A4FA-1FCC85F9D5AD} = {827E0CD3-B72D-47B6-A68D-7590B98EB39B}
		{9A8BFB49-8457-4899-B398-2A94280920A4} = {827E0CD3-B72D-47B6-A68D-7590B98EB39B}
		{C5D7483B-B5F3-436B-A24D-EEEA3E255680} = {0AB3BF05-4346-4AA6-1389-037BE0695223}
		{4D435149-9E23-4291-B282-44BB618AC7CA} = {827E0CD3-B72D-47B6-A68D-7590B98EB39B}
		{1CF5D668-BAD6-49D7-8638-91C923FD73E9} = {827E0CD3-B72D-47B6-A68D-7590B98EB39B}
		{505780CA-C19D-4878-8287-E3B0D6CCF85F} = {0AB3BF05-4346-4AA6-1389-037BE0695223}
		{34C443F8-3273-4616-B507-D9C5EB5FDF53} = {0AB3BF05-4346-4AA6-1389-037BE0695223}
	EndGlobalSection
EndGlobal
